
Microsoft Visual Studio Solution File, Format Version 12.00
# Visual Studio Version 16
VisualStudioVersion = 16.0.30204.135
MinimumVisualStudioVersion = 10.0.40219.1
Project("{FAE04EC0-301F-11D3-BF4B-00C04F79EFBC}") = "DocumentStore", "DocumentStore.csproj", "{B9D6559F-77C1-4C49-8E22-75C577A6B707}"
EndProject
Global
	GlobalSection(SolutionConfigurationPlatforms) = preSolution
		Debug|Any CPU = Debug|Any CPU
		Release|Any CPU = Release|Any CPU
	EndGlobalSection
	GlobalSection(ProjectConfigurationPlatforms) = postSolution
		{B9D6559F-77C1-4C49-8E22-75C577A6B707}.Debug|Any CPU.ActiveCfg = Debug|Any CPU
		{B9D6559F-77C1-4C49-8E22-75C577A6B707}.Debug|Any CPU.Build.0 = Debug|Any CPU
		{B9D6559F-77C1-4C49-8E22-75C577A6B707}.Release|Any CPU.ActiveCfg = Release|Any CPU
		{B9D6559F-77C1-4C49-8E22-75C577A6B707}.Release|Any CPU.Build.0 = Release|Any CPU
	EndGlobalSection
	GlobalSection(SolutionProperties) = preSolution
		HideSolutionNode = FALSE
	EndGlobalSection
	GlobalSection(ExtensibilityGlobals) = postSolution
		SolutionGuid = {4B500462-C8D4-495F-AD81-39C100757E58}
	EndGlobalSection
EndGlobal
